// !$*UTF8*$!
{
	archiveVersion = 1;
	classes = {
	};
	objectVersion = 46;
	objects = {

/* Begin PBXBuildFile section */
		BCEC90811B27DA21008EEF8B /* main.m in Sources */ = {isa = PBXBuildFile; fileRef = BCEC90801B27DA21008EEF8B /* main.m */; };
		BCEC90841B27DA21008EEF8B /* AppDelegate.m in Sources */ = {isa = PBXBuildFile; fileRef = BCEC90831B27DA21008EEF8B /* AppDelegate.m */; };
		BCEC90871B27DA21008EEF8B /* CoreData4.xcdatamodeld in Sources */ = {isa = PBXBuildFile; fileRef = BCEC90851B27DA21008EEF8B /* CoreData4.xcdatamodeld */; };
		BCEC908A1B27DA21008EEF8B /* ViewController.m in Sources */ = {isa = PBXBuildFile; fileRef = BCEC90891B27DA21008EEF8B /* ViewController.m */; };
		BCEC908D1B27DA21008EEF8B /* Main.storyboard in Resources */ = {isa = PBXBuildFile; fileRef = BCEC908B1B27DA21008EEF8B /* Main.storyboard */; };
		BCEC908F1B27DA21008EEF8B /* Images.xcassets in Resources */ = {isa = PBXBuildFile; fileRef = BCEC908E1B27DA21008EEF8B /* Images.xcassets */; };
		BCEC90921B27DA21008EEF8B /* LaunchScreen.xib in Resources */ = {isa = PBXBuildFile; fileRef = BCEC90901B27DA21008EEF8B /* LaunchScreen.xib */; };
		BCEC909E1B27DA21008EEF8B /* CoreData4Tests.m in Sources */ = {isa = PBXBuildFile; fileRef = BCEC909D1B27DA21008EEF8B /* CoreData4Tests.m */; };
		BCEC90AF1B27DE4B008EEF8B /* Employer.m in Sources */ = {isa = PBXBuildFile; fileRef = BCEC90AE1B27DE4B008EEF8B /* Employer.m */; };
		BCEC90B21B27DE4B008EEF8B /* Department.m in Sources */ = {isa = PBXBuildFile; fileRef = BCEC90B11B27DE4B008EEF8B /* Department.m */; };
/* End PBXBuildFile section */

/* Begin PBXContainerItemProxy section */
		BCEC90981B27DA21008EEF8B /* PBXContainerItemProxy */ = {
			isa = PBXContainerItemProxy;
			containerPortal = BCEC90731B27DA20008EEF8B /* Project object */;
			proxyType = 1;
			remoteGlobalIDString = BCEC907A1B27DA21008EEF8B;
			remoteInfo = CoreData4;
		};
/* End PBXContainerItemProxy section */

/* Begin PBXFileReference section */
		BCEC907B1B27DA21008EEF8B /* CoreData4.app */ = {isa = PBXFileReference; explicitFileType = wrapper.application; includeInIndex = 0; path = CoreData4.app; sourceTree = BUILT_PRODUCTS_DIR; };
		BCEC907F1B27DA21008EEF8B /* Info.plist */ = {isa = PBXFileReference; lastKnownFileType = text.plist.xml; path = Info.plist; sourceTree = "<group>"; };
		BCEC90801B27DA21008EEF8B /* main.m */ = {isa = PBXFileReference; lastKnownFileType = sourcecode.c.objc; path = main.m; sourceTree = "<group>"; };
		BCEC90821B27DA21008EEF8B /* AppDelegate.h */ = {isa = PBXFileReference; lastKnownFileType = sourcecode.c.h; path = AppDelegate.h; sourceTree = "<group>"; };
		BCEC90831B27DA21008EEF8B /* AppDelegate.m */ = {isa = PBXFileReference; lastKnownFileType = sourcecode.c.objc; path = AppDelegate.m; sourceTree = "<group>"; };
		BCEC90861B27DA21008EEF8B /* CoreData4.xcdatamodel */ = {isa = PBXFileReference; lastKnownFileType = wrapper.xcdatamodel; path = CoreData4.xcdatamodel; sourceTree = "<group>"; };
		BCEC90881B27DA21008EEF8B /* ViewController.h */ = {isa = PBXFileReference; lastKnownFileType = sourcecode.c.h; path = ViewController.h; sourceTree = "<group>"; };
		BCEC90891B27DA21008EEF8B /* ViewController.m */ = {isa = PBXFileReference; lastKnownFileType = sourcecode.c.objc; path = ViewController.m; sourceTree = "<group>"; };
		BCEC908C1B27DA21008EEF8B /* Base */ = {isa = PBXFileReference; lastKnownFileType = file.storyboard; name = Base; path = Base.lproj/Main.storyboard; sourceTree = "<group>"; };
		BCEC908E1B27DA21008EEF8B /* Images.xcassets */ = {isa = PBXFileReference; lastKnownFileType = folder.assetcatalog; path = Images.xcassets; sourceTree = "<group>"; };
		BCEC90911B27DA21008EEF8B /* Base */ = {isa = PBXFileReference; lastKnownFileType = file.xib; name = Base; path = Base.lproj/LaunchScreen.xib; sourceTree = "<group>"; };
		BCEC90971B27DA21008EEF8B /* CoreData4Tests.xctest */ = {isa = PBXFileReference; explicitFileType = wrapper.cfbundle; includeInIndex = 0; path = CoreData4Tests.xctest; sourceTree = BUILT_PRODUCTS_DIR; };
		BCEC909C1B27DA21008EEF8B /* Info.plist */ = {isa = PBXFileReference; lastKnownFileType = text.plist.xml; path = Info.plist; sourceTree = "<group>"; };
		BCEC909D1B27DA21008EEF8B /* CoreData4Tests.m */ = {isa = PBXFileReference; lastKnownFileType = sourcecode.c.objc; path = CoreData4Tests.m; sourceTree = "<group>"; };
		BCEC90AD1B27DE4B008EEF8B /* Employer.h */ = {isa = PBXFileReference; fileEncoding = 4; lastKnownFileType = sourcecode.c.h; path = Employer.h; sourceTree = "<group>"; };
		BCEC90AE1B27DE4B008EEF8B /* Employer.m */ = {isa = PBXFileReference; fileEncoding = 4; lastKnownFileType = sourcecode.c.objc; path = Employer.m; sourceTree = "<group>"; };
		BCEC90B01B27DE4B008EEF8B /* Department.h */ = {isa = PBXFileReference; fileEncoding = 4; lastKnownFileType = sourcecode.c.h; path = Department.h; sourceTree = "<group>"; };
		BCEC90B11B27DE4B008EEF8B /* Department.m */ = {isa = PBXFileReference; fileEncoding = 4; lastKnownFileType = sourcecode.c.objc; path = Department.m; sourceTree = "<group>"; };
/* End PBXFileReference section */

/* Begin PBXFrameworksBuildPhase section */
		BCEC90781B27DA21008EEF8B /* Frameworks */ = {
			isa = PBXFrameworksBuildPhase;
			buildActionMask = 2147483647;
			files = (
			);
			runOnlyForDeploymentPostprocessing = 0;
		};
		BCEC90941B27DA21008EEF8B /* Frameworks */ = {
			isa = PBXFrameworksBuildPhase;
			buildActionMask = 2147483647;
			files = (
			);
			runOnlyForDeploymentPostprocessing = 0;
		};
/* End PBXFrameworksBuildPhase section */

/* Begin PBXGroup section */
		BCEC90721B27DA20008EEF8B = {
			isa = PBXGroup;
			children = (
				BCEC90B01B27DE4B008EEF8B /* Department.h */,
				BCEC90B11B27DE4B008EEF8B /* Department.m */,
				BCEC90AD1B27DE4B008EEF8B /* Employer.h */,
				BCEC90AE1B27DE4B008EEF8B /* Employer.m */,
				BCEC907D1B27DA21008EEF8B /* CoreData4 */,
				BCEC909A1B27DA21008EEF8B /* CoreData4Tests */,
				BCEC907C1B27DA21008EEF8B /* Products */,
			);
			sourceTree = "<group>";
		};
		BCEC907C1B27DA21008EEF8B /* Products */ = {
			isa = PBXGroup;
			children = (
				BCEC907B1B27DA21008EEF8B /* CoreData4.app */,
				BCEC90971B27DA21008EEF8B /* CoreData4Tests.xctest */,
			);
			name = Products;
			sourceTree = "<group>";
		};
		BCEC907D1B27DA21008EEF8B /* CoreData4 */ = {
			isa = PBXGroup;
			children = (
				BCEC90821B27DA21008EEF8B /* AppDelegate.h */,
				BCEC90831B27DA21008EEF8B /* AppDelegate.m */,
				BCEC90881B27DA21008EEF8B /* ViewController.h */,
				BCEC90891B27DA21008EEF8B /* ViewController.m */,
				BCEC908B1B27DA21008EEF8B /* Main.storyboard */,
				BCEC908E1B27DA21008EEF8B /* Images.xcassets */,
				BCEC90901B27DA21008EEF8B /* LaunchScreen.xib */,
				BCEC90851B27DA21008EEF8B /* CoreData4.xcdatamodeld */,
				BCEC907E1B27DA21008EEF8B /* Supporting Files */,
			);
			path = CoreData4;
			sourceTree = "<group>";
		};
		BCEC907E1B27DA21008EEF8B /* Supporting Files */ = {
			isa = PBXGroup;
			children = (
				BCEC907F1B27DA21008EEF8B /* Info.plist */,
				BCEC90801B27DA21008EEF8B /* main.m */,
			);
			name = "Supporting Files";
			sourceTree = "<group>";
		};
		BCEC909A1B27DA21008EEF8B /* CoreData4Tests */ = {
			isa = PBXGroup;
			children = (
				BCEC909D1B27DA21008EEF8B /* CoreData4Tests.m */,
				BCEC909B1B27DA21008EEF8B /* Supporting Files */,
			);
			path = CoreData4Tests;
			sourceTree = "<group>";
		};
		BCEC909B1B27DA21008EEF8B /* Supporting Files */ = {
			isa = PBXGroup;
			children = (
				BCEC909C1B27DA21008EEF8B /* Info.plist */,
			);
			name = "Supporting Files";
			sourceTree = "<group>";
		};
/* End PBXGroup section */

/* Begin PBXNativeTarget section */
		BCEC907A1B27DA21008EEF8B /* CoreData4 */ = {
			isa = PBXNativeTarget;
			buildConfigurationList = BCEC90A11B27DA21008EEF8B /* Build configuration list for PBXNativeTarget "CoreData4" */;
			buildPhases = (
				BCEC90771B27DA21008EEF8B /* Sources */,
				BCEC90781B27DA21008EEF8B /* Frameworks */,
				BCEC90791B27DA21008EEF8B /* Resources */,
			);
			buildRules = (
			);
			dependencies = (
			);
			name = CoreData4;
			productName = CoreData4;
			productReference = BCEC907B1B27DA21008EEF8B /* CoreData4.app */;
			productType = "com.apple.product-type.application";
		};
		BCEC90961B27DA21008EEF8B /* CoreData4Tests */ = {
			isa = PBXNativeTarget;
			buildConfigurationList = BCEC90A41B27DA21008EEF8B /* Build configuration list for PBXNativeTarget "CoreData4Tests" */;
			buildPhases = (
				BCEC90931B27DA21008EEF8B /* Sources */,
				BCEC90941B27DA21008EEF8B /* Frameworks */,
				BCEC90951B27DA21008EEF8B /* Resources */,
			);
			buildRules = (
			);
			dependencies = (
				BCEC90991B27DA21008EEF8B /* PBXTargetDependency */,
			);
			name = CoreData4Tests;
			productName = CoreData4Tests;
			productReference = BCEC90971B27DA21008EEF8B /* CoreData4Tests.xctest */;
			productType = "com.apple.product-type.bundle.unit-test";
		};
/* End PBXNativeTarget section */

/* Begin PBXProject section */
		BCEC90731B27DA20008EEF8B /* Project object */ = {
			isa = PBXProject;
			attributes = {
				LastUpgradeCheck = 0610;
				ORGANIZATIONNAME = qianfeng;
				TargetAttributes = {
					BCEC907A1B27DA21008EEF8B = {
						CreatedOnToolsVersion = 6.1.1;
					};
					BCEC90961B27DA21008EEF8B = {
						CreatedOnToolsVersion = 6.1.1;
						TestTargetID = BCEC907A1B27DA21008EEF8B;
					};
				};
			};
			buildConfigurationList = BCEC90761B27DA20008EEF8B /* Build configuration list for PBXProject "CoreData4" */;
			compatibilityVersion = "Xcode 3.2";
			developmentRegion = English;
			hasScannedForEncodings = 0;
			knownRegions = (
				en,
				Base,
			);
			mainGroup = BCEC90721B27DA20008EEF8B;
			productRefGroup = BCEC907C1B27DA21008EEF8B /* Products */;
			projectDirPath = "";
			projectRoot = "";
			targets = (
				BCEC907A1B27DA21008EEF8B /* CoreData4 */,
				BCEC90961B27DA21008EEF8B /* CoreData4Tests */,
			);
		};
/* End PBXProject section */

/* Begin PBXResourcesBuildPhase section */
		BCEC90791B27DA21008EEF8B /* Resources */ = {
			isa = PBXResourcesBuildPhase;
			buildActionMask = 2147483647;
			files = (
				BCEC908D1B27DA21008EEF8B /* Main.storyboard in Resources */,
				BCEC90921B27DA21008EEF8B /* LaunchScreen.xib in Resources */,
				BCEC908F1B27DA21008EEF8B /* Images.xcassets in Resources */,
			);
			runOnlyForDeploymentPostprocessing = 0;
		};
		BCEC90951B27DA21008EEF8B /* Resources */ = {
			isa = PBXResourcesBuildPhase;
			buildActionMask = 2147483647;
			files = (
			);
			runOnlyForDeploymentPostprocessing = 0;
		};
/* End PBXResourcesBuildPhase section */

/* Begin PBXSourcesBuildPhase section */
		BCEC90771B27DA21008EEF8B /* Sources */ = {
			isa = PBXSourcesBuildPhase;
			buildActionMask = 2147483647;
			files = (
				BCEC90AF1B27DE4B008EEF8B /* Employer.m in Sources */,
				BCEC90841B27DA21008EEF8B /* AppDelegate.m in Sources */,
				BCEC90811B27DA21008EEF8B /* main.m in Sources */,
				BCEC908A1B27DA21008EEF8B /* ViewController.m in Sources */,
				BCEC90871B27DA21008EEF8B /* CoreData4.xcdatamodeld in Sources */,
				BCEC90B21B27DE4B008EEF8B /* Department.m in Sources */,
			);
			runOnlyForDeploymentPostprocessing = 0;
		};
		BCEC90931B27DA21008EEF8B /* Sources */ = {
			isa = PBXSourcesBuildPhase;
			buildActionMask = 2147483647;
			files = (
				BCEC909E1B27DA21008EEF8B /* CoreData4Tests.m in Sources */,
			);
			runOnlyForDeploymentPostprocessing = 0;
		};
/* End PBXSourcesBuildPhase section */

/* Begin PBXTargetDependency section */
		BCEC90991B27DA21008EEF8B /* PBXTargetDependency */ = {
			isa = PBXTargetDependency;
			target = BCEC907A1B27DA21008EEF8B /* CoreData4 */;
			targetProxy = BCEC90981B27DA21008EEF8B /* PBXContainerItemProxy */;
		};
/* End PBXTargetDependency section */

/* Begin PBXVariantGroup section */
		BCEC908B1B27DA21008EEF8B /* Main.storyboard */ = {
			isa = PBXVariantGroup;
			children = (
				BCEC908C1B27DA21008EEF8B /* Base */,
			);
			name = Main.storyboard;
			sourceTree = "<group>";
		};
		BCEC90901B27DA21008EEF8B /* LaunchScreen.xib */ = {
			isa = PBXVariantGroup;
			children = (
				BCEC90911B27DA21008EEF8B /* Base */,
			);
			name = LaunchScreen.xib;
			sourceTree = "<group>";
		};
/* End PBXVariantGroup section */

/* Begin XCBuildConfiguration section */
		BCEC909F1B27DA21008EEF8B /* Debug */ = {
			isa = XCBuildConfiguration;
			buildSettings = {
				ALWAYS_SEARCH_USER_PATHS = NO;
				CLANG_CXX_LANGUAGE_STANDARD = "gnu++0x";
				CLANG_CXX_LIBRARY = "libc++";
				CLANG_ENABLE_MODULES = YES;
				CLANG_ENABLE_OBJC_ARC = YES;
				CLANG_WARN_BOOL_CONVERSION = YES;
				CLANG_WARN_CONSTANT_CONVERSION = YES;
				CLANG_WARN_DIRECT_OBJC_ISA_USAGE = YES_ERROR;
				CLANG_WARN_EMPTY_BODY = YES;
				CLANG_WARN_ENUM_CONVERSION = YES;
				CLANG_WARN_INT_CONVERSION = YES;
				CLANG_WARN_OBJC_ROOT_CLASS = YES_ERROR;
				CLANG_WARN_UNREACHABLE_CODE = YES;
				CLANG_WARN__DUPLICATE_METHOD_MATCH = YES;
				"CODE_SIGN_IDENTITY[sdk=iphoneos*]" = "iPhone Developer";
				COPY_PHASE_STRIP = NO;
				ENABLE_STRICT_OBJC_MSGSEND = YES;
				GCC_C_LANGUAGE_STANDARD = gnu99;
				GCC_DYNAMIC_NO_PIC = NO;
				GCC_OPTIMIZATION_LEVEL = 0;
				GCC_PREPROCESSOR_DEFINITIONS = (
					"DEBUG=1",
					"$(inherited)",
				);
				GCC_SYMBOLS_PRIVATE_EXTERN = NO;
				GCC_WARN_64_TO_32_BIT_CONVERSION = YES;
				GCC_WARN_ABOUT_RETURN_TYPE = YES_ERROR;
				GCC_WARN_UNDECLARED_SELECTOR = YES;
				GCC_WARN_UNINITIALIZED_AUTOS = YES_AGGRESSIVE;
				GCC_WARN_UNUSED_FUNCTION = YES;
				GCC_WARN_UNUSED_VARIABLE = YES;
				IPHONEOS_DEPLOYMENT_TARGET = 8.1;
				MTL_ENABLE_DEBUG_INFO = YES;
				ONLY_ACTIVE_ARCH = YES;
				SDKROOT = iphoneos;
			};
			name = Debug;
		};
		BCEC90A01B27DA21008EEF8B /* Release */ = {
			isa = XCBuildConfiguration;
			buildSettings = {
				ALWAYS_SEARCH_USER_PATHS = NO;
				CLANG_CXX_LANGUAGE_STANDARD = "gnu++0x";
				CLANG_CXX_LIBRARY = "libc++";
				CLANG_ENABLE_MODULES = YES;
				CLANG_ENABLE_OBJC_ARC = YES;
				CLANG_WARN_BOOL_CONVERSION = YES;
				CLANG_WARN_CONSTANT_CONVERSION = YES;
				CLANG_WARN_DIRECT_OBJC_ISA_USAGE = YES_ERROR;
				CLANG_WARN_EMPTY_BODY = YES;
				CLANG_WARN_ENUM_CONVERSION = YES;
				CLANG_WARN_INT_CONVERSION = YES;
				CLANG_WARN_OBJC_ROOT_CLASS = YES_ERROR;
				CLANG_WARN_UNREACHABLE_CODE = YES;
				CLANG_WARN__DUPLICATE_METHOD_MATCH = YES;
				"CODE_SIGN_IDENTITY[sdk=iphoneos*]" = "iPhone Developer";
				COPY_PHASE_STRIP = YES;
				ENABLE_NS_ASSERTIONS = NO;
				ENABLE_STRICT_OBJC_MSGSEND = YES;
				GCC_C_LANGUAGE_STANDARD = gnu99;
				GCC_WARN_64_TO_32_BIT_CONVERSION = YES;
				GCC_WARN_ABOUT_RETURN_TYPE = YES_ERROR;
				GCC_WARN_UNDECLARED_SELECTOR = YES;
				GCC_WARN_UNINITIALIZED_AUTOS = YES_AGGRESSIVE;
				GCC_WARN_UNUSED_FUNCTION = YES;
				GCC_WARN_UNUSED_VARIABLE = YES;
				IPHONEOS_DEPLOYMENT_TARGET = 8.1;
				MTL_ENABLE_DEBUG_INFO = NO;
				SDKROOT = iphoneos;
				VALIDATE_PRODUCT = YES;
			};
			name = Release;
		};
		BCEC90A21B27DA21008EEF8B /* Debug */ = {
			isa = XCBuildConfiguration;
			buildSettings = {
				ASSETCATALOG_COMPILER_APPICON_NAME = AppIcon;
				INFOPLIST_FILE = CoreData4/Info.plist;
				LD_RUNPATH_SEARCH_PATHS = "$(inherited) @executable_path/Frameworks";
				PRODUCT_NAME = "$(TARGET_NAME)";
			};
			name = Debug;
		};
		BCEC90A31B27DA21008EEF8B /* Release */ = {
			isa = XCBuildConfiguration;
			buildSettings = {
				ASSETCATALOG_COMPILER_APPICON_NAME = AppIcon;
				INFOPLIST_FILE = CoreData4/Info.plist;
				LD_RUNPATH_SEARCH_PATHS = "$(inherited) @executable_path/Frameworks";
				PRODUCT_NAME = "$(TARGET_NAME)";
			};
			name = Release;
		};
		BCEC90A51B27DA21008EEF8B /* Debug */ = {
			isa = XCBuildConfiguration;
			buildSettings = {
				BUNDLE_LOADER = "$(TEST_HOST)";
				FRAMEWORK_SEARCH_PATHS = (
					"$(SDKROOT)/Developer/Library/Frameworks",
					"$(inherited)",
				);
				GCC_PREPROCESSOR_DEFINITIONS = (
					"DEBUG=1",
					"$(inherited)",
				);
				INFOPLIST_FILE = CoreData4Tests/Info.plist;
				LD_RUNPATH_SEARCH_PATHS = "$(inherited) @executable_path/Frameworks @loader_path/Frameworks";
				PRODUCT_NAME = "$(TARGET_NAME)";
				TEST_HOST = "$(BUILT_PRODUCTS_DIR)/CoreData4.app/CoreData4";
			};
			name = Debug;
		};
		BCEC90A61B27DA21008EEF8B /* Release */ = {
			isa = XCBuildConfiguration;
			buildSettings = {
				BUNDLE_LOADER = "$(TEST_HOST)";
				FRAMEWORK_SEARCH_PATHS = (
					"$(SDKROOT)/Developer/Library/Frameworks",
					"$(inherited)",
				);
				INFOPLIST_FILE = CoreData4Tests/Info.plist;
				LD_RUNPATH_SEARCH_PATHS = "$(inherited) @executable_path/Frameworks @loader_path/Frameworks";
				PRODUCT_NAME = "$(TARGET_NAME)";
				TEST_HOST = "$(BUILT_PRODUCTS_DIR)/CoreData4.app/CoreData4";
			};
			name = Release;
		};
/* End XCBuildConfiguration section */

/* Begin XCConfigurationList section */
		BCEC90761B27DA20008EEF8B /* Build configuration list for PBXProject "CoreData4" */ = {
			isa = XCConfigurationList;
			buildConfigurations = (
				BCEC909F1B27DA21008EEF8B /* Debug */,
				BCEC90A01B27DA21008EEF8B /* Release */,
			);
			defaultConfigurationIsVisible = 0;
			defaultConfigurationName = Release;
		};
		BCEC90A11B27DA21008EEF8B /* Build configuration list for PBXNativeTarget "CoreData4" */ = {
			isa = XCConfigurationList;
			buildConfigurations = (
				BCEC90A21B27DA21008EEF8B /* Debug */,
				BCEC90A31B27DA21008EEF8B /* Release */,
			);
			defaultConfigurationIsVisible = 0;
		};
		BCEC90A41B27DA21008EEF8B /* Build configuration list for PBXNativeTarget "CoreData4Tests" */ = {
			isa = XCConfigurationList;
			buildConfigurations = (
				BCEC90A51B27DA21008EEF8B /* Debug */,
				BCEC90A61B27DA21008EEF8B /* Release */,
			);
			defaultConfigurationIsVisible = 0;
		};
/* End XCConfigurationList section */

/* Begin XCVersionGroup section */
		BCEC90851B27DA21008EEF8B /* CoreData4.xcdatamodeld */ = {
			isa = XCVersionGroup;
			children = (
				BCEC90861B27DA21008EEF8B /* CoreData4.xcdatamodel */,
			);
			currentVersion = BCEC90861B27DA21008EEF8B /* CoreData4.xcdatamodel */;
			path = CoreData4.xcdatamodeld;
			sourceTree = "<group>";
			versionGroupType = wrapper.xcdatamodel;
		};
/* End XCVersionGroup section */
	};
	rootObject = BCEC90731B27DA20008EEF8B /* Project object */;
}
